
Microsoft Visual Studio Solution File, Format Version 12.00
# Visual Studio Version 17
VisualStudioVersion = 17.4.33103.184
MinimumVisualStudioVersion = 10.0.40219.1
Project("{FAE04EC0-301F-11D3-BF4B-00C04F79EFBC}") = "day4", "day4\day4.csproj", "{EB853EE3-ED47-4A82-8381-1F27B132876D}"
EndProject
Global
	GlobalSection(SolutionConfigurationPlatforms) = preSolution
		Debug|Any CPU = Debug|Any CPU
		Release|Any CPU = Release|Any CPU
	EndGlobalSection
	GlobalSection(ProjectConfigurationPlatforms) = postSolution
		{EB853EE3-ED47-4A82-8381-1F27B132876D}.Debug|Any CPU.ActiveCfg = Debug|Any CPU
		{EB853EE3-ED47-4A82-8381-1F27B132876D}.Debug|Any CPU.Build.0 = Debug|Any CPU
		{EB853EE3-ED47-4A82-8381-1F27B132876D}.Release|Any CPU.ActiveCfg = Release|Any CPU
		{EB853EE3-ED47-4A82-8381-1F27B132876D}.Release|Any CPU.Build.0 = Release|Any CPU
	EndGlobalSection
	GlobalSection(SolutionProperties) = preSolution
		HideSolutionNode = FALSE
	EndGlobalSection
	GlobalSection(ExtensibilityGlobals) = postSolution
		SolutionGuid = {995C73CC-6530-4327-9777-BE7295D804CD}
	EndGlobalSection
EndGlobal
