
Microsoft Visual Studio Solution File, Format Version 12.00
# Visual Studio Version 17
VisualStudioVersion = 17.4.33103.184
MinimumVisualStudioVersion = 10.0.40219.1
Project("{FAE04EC0-301F-11D3-BF4B-00C04F79EFBC}") = "demo2", "demo2\demo2.csproj", "{5CB386DE-7C9E-4727-B89C-778EB73921C0}"
EndProject
Global
	GlobalSection(SolutionConfigurationPlatforms) = preSolution
		Debug|Any CPU = Debug|Any CPU
		Release|Any CPU = Release|Any CPU
	EndGlobalSection
	GlobalSection(ProjectConfigurationPlatforms) = postSolution
		{5CB386DE-7C9E-4727-B89C-778EB73921C0}.Debug|Any CPU.ActiveCfg = Debug|Any CPU
		{5CB386DE-7C9E-4727-B89C-778EB73921C0}.Debug|Any CPU.Build.0 = Debug|Any CPU
		{5CB386DE-7C9E-4727-B89C-778EB73921C0}.Release|Any CPU.ActiveCfg = Release|Any CPU
		{5CB386DE-7C9E-4727-B89C-778EB73921C0}.Release|Any CPU.Build.0 = Release|Any CPU
	EndGlobalSection
	GlobalSection(SolutionProperties) = preSolution
		HideSolutionNode = FALSE
	EndGlobalSection
	GlobalSection(ExtensibilityGlobals) = postSolution
		SolutionGuid = {68B27A88-12CB-418E-A3AB-8C9F1F852028}
	EndGlobalSection
EndGlobal
